
Microsoft Visual Studio Solution File, Format Version 12.00
# Visual Studio Version 17
VisualStudioVersion = 17.6.33829.357
MinimumVisualStudioVersion = 10.0.40219.1
Project("{FAE04EC0-301F-11D3-BF4B-00C04F79EFBC}") = "BookAPI", "BookAPI\BookAPI.csproj", "{75979E21-A574-422B-8175-F2D8F979E5A0}"
EndProject
Project("{FAE04EC0-301F-11D3-BF4B-00C04F79EFBC}") = "BookAPI.UnitTests", "BookAPI.UnitTests\BookAPI.UnitTests.csproj", "{F901B7B0-7DDA-4B29-A353-B0784930F4D9}"
EndProject
Project("{2150E333-8FDC-42A3-9474-1A3956D46DE8}") = "Solution Items", "Solution Items", "{42461551-3DFC-4AEB-8244-3827BEA7DD2E}"
	ProjectSection(SolutionItems) = preProject
		Readme.md = Readme.md
	EndProjectSection
EndProject
Global
	GlobalSection(SolutionConfigurationPlatforms) = preSolution
		Debug|Any CPU = Debug|Any CPU
		Release|Any CPU = Release|Any CPU
	EndGlobalSection
	GlobalSection(ProjectConfigurationPlatforms) = postSolution
		{75979E21-A574-422B-8175-F2D8F979E5A0}.Debug|Any CPU.ActiveCfg = Debug|Any CPU
		{75979E21-A574-422B-8175-F2D8F979E5A0}.Debug|Any CPU.Build.0 = Debug|Any CPU
		{75979E21-A574-422B-8175-F2D8F979E5A0}.Release|Any CPU.ActiveCfg = Release|Any CPU
		{75979E21-A574-422B-8175-F2D8F979E5A0}.Release|Any CPU.Build.0 = Release|Any CPU
		{F901B7B0-7DDA-4B29-A353-B0784930F4D9}.Debug|Any CPU.ActiveCfg = Debug|Any CPU
		{F901B7B0-7DDA-4B29-A353-B0784930F4D9}.Debug|Any CPU.Build.0 = Debug|Any CPU
		{F901B7B0-7DDA-4B29-A353-B0784930F4D9}.Release|Any CPU.ActiveCfg = Release|Any CPU
		{F901B7B0-7DDA-4B29-A353-B0784930F4D9}.Release|Any CPU.Build.0 = Release|Any CPU
	EndGlobalSection
	GlobalSection(SolutionProperties) = preSolution
		HideSolutionNode = FALSE
	EndGlobalSection
	GlobalSection(ExtensibilityGlobals) = postSolution
		SolutionGuid = {71F49685-693C-479B-85FF-2FB15584F4E5}
	EndGlobalSection
EndGlobal
